{
  "name": "web",
  "version": "1.0.0",
  "lockfileVersion": 1,
  "requires": true,
  "dependencies": {
    "bulma": {
      "version": "0.9.1",
      "resolved": "https://registry.npmjs.org/bulma/-/bulma-0.9.1.tgz",
      "integrity": "sha512-LSF69OumXg2HSKl2+rN0/OEXJy7WFEb681wtBlNS/ulJYR27J3rORHibdXZ6GVb/vyUzzYK/Arjyh56wjbFedA=="
    },
    "bulma-extensions": {
      "version": "6.2.7",
      "resolved": "https://registry.npmjs.org/bulma-extensions/-/bulma-extensions-6.2.7.tgz",
      "integrity": "sha512-y3dHsxlCYkuxUg87KKN9H4InM8NCk8tdnrlxLkYak8sd2WQdllg3wP2Nv41lj8X46uPXX2ADP0MO65LlXPHt/Q=="
    },
    "bulma-o-steps": {
      "version": "1.0.9",
      "resolved": "https://registry.npmjs.org/bulma-o-steps/-/bulma-o-steps-1.0.9.tgz",
      "integrity": "sha512-T5qywE4MPCt6t0YTaZg2LEnzw0QoeYuob+dTB5WmYY8FtSOyEbNZnQ2kkrqzRwtAocvvzUTb+erAAc47QnkWoQ==",
      "requires": {
        "bulma": "^0.7.1"
      },
      "dependencies": {
        "bulma": {
          "version": "0.7.5",
          "resolved": "https://registry.npmjs.org/bulma/-/bulma-0.7.5.tgz",
          "integrity": "sha512-cX98TIn0I6sKba/DhW0FBjtaDpxTelU166pf7ICXpCCuplHWyu6C9LYZmL5PEsnePIeJaiorsTEzzNk3Tsm1hw=="
        }
      }
    }
  }
}
